
Microsoft Visual Studio Solution File, Format Version 12.00
# Visual Studio Version 16
VisualStudioVersion = 16.0.28803.352
MinimumVisualStudioVersion = 10.0.40219.1
Project("{FAE04EC0-301F-11D3-BF4B-00C04F79EFBC}") = "MoreEvents", "MoreEvents\MoreEvents.csproj", "{7220686B-A79D-4048-BF76-2D9793488331}"
EndProject
Project("{FAE04EC0-301F-11D3-BF4B-00C04F79EFBC}") = "DiaRim", "DiaRim\DiaRim.csproj", "{A9B1B440-FB6A-4940-83F8-6933D8DD9436}"
EndProject
Project("{FAE04EC0-301F-11D3-BF4B-00C04F79EFBC}") = "MapGeneratorBlueprints", "MapGeneratorBlueprints\MapGeneratorBlueprints.csproj", "{4ACEFCF4-8192-4A34-AC59-FA62206D5E63}"
EndProject
Project("{FAE04EC0-301F-11D3-BF4B-00C04F79EFBC}") = "MapTools", "MapTools\MapTools.csproj", "{7AFCDB36-4F95-44E5-A636-9DC37F56E3C1}"
EndProject
Project("{FAE04EC0-301F-11D3-BF4B-00C04F79EFBC}") = "QuestRim", "QuestRim\QuestRim.csproj", "{836B1EB5-9FFD-4B98-992F-04B60C62C0DA}"
EndProject
Project("{FAE04EC0-301F-11D3-BF4B-00C04F79EFBC}") = "EmailMessages", "EmailMessages\EmailMessages.csproj", "{65512406-024E-4486-AC55-FBE952D44CAC}"
EndProject
Project("{FAE04EC0-301F-11D3-BF4B-00C04F79EFBC}") = "RandomPlaces", "RandomPlaces\RandomPlaces.csproj", "{5B80D7BC-4D8B-4C8F-9C9C-70F2D07D9B68}"
EndProject
Project("{FAE04EC0-301F-11D3-BF4B-00C04F79EFBC}") = "ArmorCore", "ArmorCore\ArmorCore.csproj", "{BD4FE41A-66B6-415E-A3C6-F79FD1A2D550}"
EndProject
Global
	GlobalSection(SolutionConfigurationPlatforms) = preSolution
		Debug|Any CPU = Debug|Any CPU
		Release|Any CPU = Release|Any CPU
	EndGlobalSection
	GlobalSection(ProjectConfigurationPlatforms) = postSolution
		{7220686B-A79D-4048-BF76-2D9793488331}.Debug|Any CPU.ActiveCfg = Debug|Any CPU
		{7220686B-A79D-4048-BF76-2D9793488331}.Debug|Any CPU.Build.0 = Debug|Any CPU
		{7220686B-A79D-4048-BF76-2D9793488331}.Release|Any CPU.ActiveCfg = Release|Any CPU
		{7220686B-A79D-4048-BF76-2D9793488331}.Release|Any CPU.Build.0 = Release|Any CPU
		{A9B1B440-FB6A-4940-83F8-6933D8DD9436}.Debug|Any CPU.ActiveCfg = Debug|Any CPU
		{A9B1B440-FB6A-4940-83F8-6933D8DD9436}.Debug|Any CPU.Build.0 = Debug|Any CPU
		{A9B1B440-FB6A-4940-83F8-6933D8DD9436}.Release|Any CPU.ActiveCfg = Release|Any CPU
		{A9B1B440-FB6A-4940-83F8-6933D8DD9436}.Release|Any CPU.Build.0 = Release|Any CPU
		{4ACEFCF4-8192-4A34-AC59-FA62206D5E63}.Debug|Any CPU.ActiveCfg = Debug|Any CPU
		{4ACEFCF4-8192-4A34-AC59-FA62206D5E63}.Debug|Any CPU.Build.0 = Debug|Any CPU
		{4ACEFCF4-8192-4A34-AC59-FA62206D5E63}.Release|Any CPU.ActiveCfg = Release|Any CPU
		{4ACEFCF4-8192-4A34-AC59-FA62206D5E63}.Release|Any CPU.Build.0 = Release|Any CPU
		{7AFCDB36-4F95-44E5-A636-9DC37F56E3C1}.Debug|Any CPU.ActiveCfg = Debug|Any CPU
		{7AFCDB36-4F95-44E5-A636-9DC37F56E3C1}.Debug|Any CPU.Build.0 = Debug|Any CPU
		{7AFCDB36-4F95-44E5-A636-9DC37F56E3C1}.Release|Any CPU.ActiveCfg = Release|Any CPU
		{7AFCDB36-4F95-44E5-A636-9DC37F56E3C1}.Release|Any CPU.Build.0 = Release|Any CPU
		{836B1EB5-9FFD-4B98-992F-04B60C62C0DA}.Debug|Any CPU.ActiveCfg = Debug|Any CPU
		{836B1EB5-9FFD-4B98-992F-04B60C62C0DA}.Debug|Any CPU.Build.0 = Debug|Any CPU
		{836B1EB5-9FFD-4B98-992F-04B60C62C0DA}.Release|Any CPU.ActiveCfg = Release|Any CPU
		{836B1EB5-9FFD-4B98-992F-04B60C62C0DA}.Release|Any CPU.Build.0 = Release|Any CPU
		{65512406-024E-4486-AC55-FBE952D44CAC}.Debug|Any CPU.ActiveCfg = Debug|Any CPU
		{65512406-024E-4486-AC55-FBE952D44CAC}.Debug|Any CPU.Build.0 = Debug|Any CPU
		{65512406-024E-4486-AC55-FBE952D44CAC}.Release|Any CPU.ActiveCfg = Release|Any CPU
		{65512406-024E-4486-AC55-FBE952D44CAC}.Release|Any CPU.Build.0 = Release|Any CPU
		{5B80D7BC-4D8B-4C8F-9C9C-70F2D07D9B68}.Debug|Any CPU.ActiveCfg = Debug|Any CPU
		{5B80D7BC-4D8B-4C8F-9C9C-70F2D07D9B68}.Debug|Any CPU.Build.0 = Debug|Any CPU
		{5B80D7BC-4D8B-4C8F-9C9C-70F2D07D9B68}.Release|Any CPU.ActiveCfg = Release|Any CPU
		{5B80D7BC-4D8B-4C8F-9C9C-70F2D07D9B68}.Release|Any CPU.Build.0 = Release|Any CPU
		{BD4FE41A-66B6-415E-A3C6-F79FD1A2D550}.Debug|Any CPU.ActiveCfg = Debug|Any CPU
		{BD4FE41A-66B6-415E-A3C6-F79FD1A2D550}.Debug|Any CPU.Build.0 = Debug|Any CPU
		{BD4FE41A-66B6-415E-A3C6-F79FD1A2D550}.Release|Any CPU.ActiveCfg = Release|Any CPU
		{BD4FE41A-66B6-415E-A3C6-F79FD1A2D550}.Release|Any CPU.Build.0 = Release|Any CPU
	EndGlobalSection
	GlobalSection(SolutionProperties) = preSolution
		HideSolutionNode = FALSE
	EndGlobalSection
	GlobalSection(ExtensibilityGlobals) = postSolution
		SolutionGuid = {8FE246F7-33DF-4E3F-8607-6CFBE253B5DA}
	EndGlobalSection
EndGlobal
